{
	"requires": true,
	"lockfileVersion": 1,
	"dependencies": {
		"complex.js": {
			"version": "2.0.4",
			"resolved": "https://registry.npmjs.org/complex.js/-/complex.js-2.0.4.tgz",
			"integrity": "sha512-Syl95HpxUTS0QjwNxencZsKukgh1zdS9uXeXX2Us0pHaqBR6kiZZi0AkZ9VpZFwHJyVIUVzI4EumjWdXP3fy6w=="
		},
		"debug": {
			"version": "3.1.0",
			"resolved": "https://registry.npmjs.org/debug/-/debug-3.1.0.tgz",
			"integrity": "sha512-OX8XqP7/1a9cqkxYw2yXss15f26NKWBpDXQd0/uK/KPqdQhxbPa994hnzjcE2VqQpDslf55723cKPUOGSmMY3g==",
			"requires": {
				"ms": "2.0.0"
			}
		},
		"decimal.js": {
			"version": "7.2.3",
			"resolved": "https://registry.npmjs.org/decimal.js/-/decimal.js-7.2.3.tgz",
			"integrity": "sha512-AoFI37QS0S87Ft0r3Bdz4q9xSpm1Paa9lSeKLXgMPk/u/+QPIM5Gy4DHcZQS1seqPJH4gHLauPGn347z0HbsrA=="
		},
		"es6-promise": {
			"version": "4.1.1",
			"resolved": "https://registry.npmjs.org/es6-promise/-/es6-promise-4.1.1.tgz",
			"integrity": "sha512-OaU1hHjgJf+b0NzsxCg7NdIYERD6Hy/PEmFLTjw+b65scuisG3Kt4QoTvJ66BBkPZ581gr0kpoVzKnxniM8nng=="
		},
		"es6-promisify": {
			"version": "5.0.0",
			"resolved": "https://registry.npmjs.org/es6-promisify/-/es6-promisify-5.0.0.tgz",
			"integrity": "sha1-UQnWLz5W6pZ8S2NQWu8IKRyKUgM=",
			"requires": {
				"es6-promise": "4.1.1"
			}
		},
		"fraction.js": {
			"version": "4.0.2",
			"resolved": "https://registry.npmjs.org/fraction.js/-/fraction.js-4.0.2.tgz",
			"integrity": "sha512-OswcigOSil3vYXgrPSx4NCaSyPikXqVNYN/4CyhS0ucVOJ4GVYr6KQQLLcAudvS/4bBOzxqJ3XIsFaaMjl98ZQ=="
		},
		"javascript-natural-sort": {
			"version": "0.7.1",
			"resolved": "https://registry.npmjs.org/javascript-natural-sort/-/javascript-natural-sort-0.7.1.tgz",
			"integrity": "sha1-+eIwPUUH9tdDVac2ZNFED7Wg71k="
		},
		"lodash": {
			"version": "4.17.4",
			"resolved": "https://registry.npmjs.org/lodash/-/lodash-4.17.4.tgz",
			"integrity": "sha1-eCA6TRwyiuHYbcpkYONptX9AVa4="
		},
		"mathjs": {
			"version": "3.16.3",
			"resolved": "https://registry.npmjs.org/mathjs/-/mathjs-3.16.3.tgz",
			"integrity": "sha512-lb7Q0+4RCFdAJk/+01nDpRuQfoPm2EXmAy9LSa8nXzAQjeTqeLELdsQsRlMBDvJ53KXC7IOTHdhBOwZd7Q6FjQ==",
			"requires": {
				"complex.js": "2.0.4",
				"decimal.js": "7.2.3",
				"fraction.js": "4.0.2",
				"javascript-natural-sort": "0.7.1",
				"seed-random": "2.2.0",
				"tiny-emitter": "2.0.0",
				"typed-function": "0.10.5"
			}
		},
		"ms": {
			"version": "2.0.0",
			"resolved": "https://registry.npmjs.org/ms/-/ms-2.0.0.tgz",
			"integrity": "sha1-VgiurfwAvmwpAd9fmGF4jeDVl8g="
		},
		"seed-random": {
			"version": "2.2.0",
			"resolved": "https://registry.npmjs.org/seed-random/-/seed-random-2.2.0.tgz",
			"integrity": "sha1-KpsZ4lCoFwmSMaW5mk2vgLf77VQ="
		},
		"tiny-emitter": {
			"version": "2.0.0",
			"resolved": "https://registry.npmjs.org/tiny-emitter/-/tiny-emitter-2.0.0.tgz",
			"integrity": "sha1-utMnrbGAS0KiMa+nQVMr2ITNCa0="
		},
		"typed-function": {
			"version": "0.10.5",
			"resolved": "https://registry.npmjs.org/typed-function/-/typed-function-0.10.5.tgz",
			"integrity": "sha1-Lg8Yq9BlIZ+raUpEamXG0ZgYMsA="
		}
	}
}
