{
	"name": "@qiskit/sim",
	"version": "0.9.0",
	"lockfileVersion": 1,
	"requires": true,
	"dependencies": {
		"complex.js": {
			"version": "2.0.11",
			"resolved": "https://registry.npmjs.org/complex.js/-/complex.js-2.0.11.tgz",
			"integrity": "sha512-6IArJLApNtdg1P1dFtn3dnyzoZBEF0MwMnrfF1exSBRpZYoy4yieMkpZhQDC0uwctw48vii0CFVyHfpgZ/DfGw=="
		},
		"decimal.js": {
			"version": "10.2.0",
			"resolved": "https://registry.npmjs.org/decimal.js/-/decimal.js-10.2.0.tgz",
			"integrity": "sha512-vDPw+rDgn3bZe1+F/pyEwb1oMG2XTlRVgAa6B4KccTEpYgF8w6eQllVbQcfIJnZyvzFtFpxnpGtx8dd7DJp/Rw=="
		},
		"escape-latex": {
			"version": "1.2.0",
			"resolved": "https://registry.npmjs.org/escape-latex/-/escape-latex-1.2.0.tgz",
			"integrity": "sha512-nV5aVWW1K0wEiUIEdZ4erkGGH8mDxGyxSeqPzRNtWP7ataw+/olFObw7hujFWlVjNsaDFw5VZ5NzVSIqRgfTiw=="
		},
		"fraction.js": {
			"version": "4.0.12",
			"resolved": "https://registry.npmjs.org/fraction.js/-/fraction.js-4.0.12.tgz",
			"integrity": "sha512-8Z1K0VTG4hzYY7kA/1sj4/r1/RWLBD3xwReT/RCrUCbzPszjNQCCsy3ktkU/eaEqX3MYa4pY37a52eiBlPMlhA=="
		},
		"javascript-natural-sort": {
			"version": "0.7.1",
			"resolved": "https://registry.npmjs.org/javascript-natural-sort/-/javascript-natural-sort-0.7.1.tgz",
			"integrity": "sha1-+eIwPUUH9tdDVac2ZNFED7Wg71k="
		},
		"mathjs": {
			"version": "5.10.3",
			"resolved": "https://registry.npmjs.org/mathjs/-/mathjs-5.10.3.tgz",
			"integrity": "sha512-ySjg30BC3dYjQm73ILZtwcWzFJde0VU6otkXW/57IjjuYRa3Qaf0Kb8pydEuBZYtqW2OxreAtsricrAmOj3jIw==",
			"requires": {
				"complex.js": "2.0.11",
				"decimal.js": "10.2.0",
				"escape-latex": "1.2.0",
				"fraction.js": "4.0.12",
				"javascript-natural-sort": "0.7.1",
				"seed-random": "2.2.0",
				"tiny-emitter": "2.1.0",
				"typed-function": "1.1.0"
			}
		},
		"seed-random": {
			"version": "2.2.0",
			"resolved": "https://registry.npmjs.org/seed-random/-/seed-random-2.2.0.tgz",
			"integrity": "sha1-KpsZ4lCoFwmSMaW5mk2vgLf77VQ="
		},
		"tiny-emitter": {
			"version": "2.1.0",
			"resolved": "https://registry.npmjs.org/tiny-emitter/-/tiny-emitter-2.1.0.tgz",
			"integrity": "sha512-NB6Dk1A9xgQPMoGqC5CVXn123gWyte215ONT5Pp5a0yt4nlEoO1ZWeCwpncaekPHXO60i47ihFnZPiRPjRMq4Q=="
		},
		"typed-function": {
			"version": "1.1.0",
			"resolved": "https://registry.npmjs.org/typed-function/-/typed-function-1.1.0.tgz",
			"integrity": "sha512-TuQzwiT4DDg19beHam3E66oRXhyqlyfgjHB/5fcvsRXbfmWPJfto9B4a0TBdTrQAPGlGmXh/k7iUI+WsObgORA=="
		}
	}
}
